
Microsoft Visual Studio Solution File, Format Version 12.00
# Visual Studio Version 16
VisualStudioVersion = 16.0.30804.86
MinimumVisualStudioVersion = 10.0.40219.1
Project("{FAE04EC0-301F-11D3-BF4B-00C04F79EFBC}") = "BugTrackerAPI", "BugTrackerAPI\BugTrackerAPI.csproj", "{B0B49AEB-B55C-45D0-A712-C4976D996AAE}"
EndProject
Project("{FAE04EC0-301F-11D3-BF4B-00C04F79EFBC}") = "BugTrackerAPI.Tests", "BugTrackerAPI.Tests\BugTrackerAPI.Tests.csproj", "{264DA286-71E0-424A-A891-ECEC4F789928}"
EndProject
Global
	GlobalSection(SolutionConfigurationPlatforms) = preSolution
		Debug|Any CPU = Debug|Any CPU
		Release|Any CPU = Release|Any CPU
	EndGlobalSection
	GlobalSection(ProjectConfigurationPlatforms) = postSolution
		{B0B49AEB-B55C-45D0-A712-C4976D996AAE}.Debug|Any CPU.ActiveCfg = Debug|Any CPU
		{B0B49AEB-B55C-45D0-A712-C4976D996AAE}.Debug|Any CPU.Build.0 = Debug|Any CPU
		{B0B49AEB-B55C-45D0-A712-C4976D996AAE}.Release|Any CPU.ActiveCfg = Release|Any CPU
		{B0B49AEB-B55C-45D0-A712-C4976D996AAE}.Release|Any CPU.Build.0 = Release|Any CPU
		{264DA286-71E0-424A-A891-ECEC4F789928}.Debug|Any CPU.ActiveCfg = Debug|Any CPU
		{264DA286-71E0-424A-A891-ECEC4F789928}.Debug|Any CPU.Build.0 = Debug|Any CPU
		{264DA286-71E0-424A-A891-ECEC4F789928}.Release|Any CPU.ActiveCfg = Release|Any CPU
		{264DA286-71E0-424A-A891-ECEC4F789928}.Release|Any CPU.Build.0 = Release|Any CPU
	EndGlobalSection
	GlobalSection(SolutionProperties) = preSolution
		HideSolutionNode = FALSE
	EndGlobalSection
	GlobalSection(ExtensibilityGlobals) = postSolution
		SolutionGuid = {03977FCD-AC54-4147-9C10-B748AF2AB2F1}
	EndGlobalSection
EndGlobal
